Microsoft Visual Studio Solution File, Format Version 11.00
# Visual Studio 2008

Project("{1D831F46-9BD7-623F-3AFB-64EBD747A602}") = "HuaWeiSDK", "Assembly-CSharp-vs.csproj", "{21615C59-4E9F-4D51-630A-368C87D07675}"
EndProject
Project("{1D831F46-9BD7-623F-3AFB-64EBD747A602}") = "HuaWeiSDK", "Assembly-CSharp-Editor-vs.csproj", "{E2A0DDDD-774C-5FDD-479D-3DF48AFC782C}"
EndProject
Global
	GlobalSection(SolutionConfigurationPlatforms) = preSolution
		Debug|Any CPU = Debug|Any CPU
		Release|Any CPU = Release|Any CPU
	EndGlobalSection
	GlobalSection(ProjectConfigurationPlatforms) = postSolution
		{21615C59-4E9F-4D51-630A-368C87D07675}.Debug|Any CPU.ActiveCfg = Debug|Any CPU
		{21615C59-4E9F-4D51-630A-368C87D07675}.Debug|Any CPU.Build.0 = Debug|Any CPU
		{21615C59-4E9F-4D51-630A-368C87D07675}.Release|Any CPU.ActiveCfg = Release|Any CPU
		{21615C59-4E9F-4D51-630A-368C87D07675}.Release|Any CPU.Build.0 = Release|Any CPU
		{E2A0DDDD-774C-5FDD-479D-3DF48AFC782C}.Debug|Any CPU.ActiveCfg = Debug|Any CPU
		{E2A0DDDD-774C-5FDD-479D-3DF48AFC782C}.Debug|Any CPU.Build.0 = Debug|Any CPU
		{E2A0DDDD-774C-5FDD-479D-3DF48AFC782C}.Release|Any CPU.ActiveCfg = Release|Any CPU
		{E2A0DDDD-774C-5FDD-479D-3DF48AFC782C}.Release|Any CPU.Build.0 = Release|Any CPU
	EndGlobalSection
	GlobalSection(SolutionProperties) = preSolution
		HideSolutionNode = FALSE
	EndGlobalSection
																																																																																																																																																																																																																																																																																																																																																																																		GlobalSection(MonoDevelopProperties) = preSolution
		StartupItem = Assembly-CSharp.csproj
		Policies = $0
		$0.TextStylePolicy = $1
		$1.inheritsSet = null
		$1.scope = text/x-csharp
		$0.CSharpFormattingPolicy = $2
		$2.inheritsSet = Mono
		$2.inheritsScope = text/x-csharp
		$2.scope = text/x-csharp
		$0.TextStylePolicy = $3
		$3.FileWidth = 120
		$3.TabWidth = 4
		$3.IndentWidth = 4
		$3.EolMarker = Unix
		$3.inheritsSet = Mono
		$3.inheritsScope = text/plain
		$3.scope = text/plain
	EndGlobalSection

EndGlobal
